code.pfad.fr/check v1.1.0 h1:GWvjdzhSEgHvEHe2uJujDcpmZoySKuHQNrZMfzfO0bE=
code.pfad.fr/check v1.1.0/go.mod h1:NiUH13DtYsb7xp5wll0U4SXx7KhXQVCtRgdC96IPfoM=
github.com/aws/aws-sdk-go-v2 v1.39.1 h1:fWZhGAwVRK/fAN2tmt7ilH4PPAE11rDj7HytrmbZ2FE=
github.com/aws/aws-sdk-go-v2 v1.39.1/go.mod h1:sDioUELIUO9Znk23YVmIk86/9DOpkbyyVb1i/gUNFXY=
github.com/aws/aws-sdk-go-v2/config v1.31.10 h1:7LllDZAegXU3yk41mwM6KcPu0wmjKGQB1bg99bNdQm4=
github.com/aws/aws-sdk-go-v2/config v1.31.10/go.mod h1:Ge6gzXPjqu4v0oHvgAwvGzYcK921GU0hQM25WF/Kl+8=
github.com/aws/aws-sdk-go-v2/credentials v1.18.14 h1:TxkI7QI+sFkTItN/6cJuMZEIVMFXeu2dI1ZffkXngKI=
github.com/aws/aws-sdk-go-v2/credentials v1.18.14/go.mod h1:12x4Uw/vijC11XkctTjy92TNCQ+UnNJkT7fzX0Yd93E=
github.com/aws/aws-sdk-go-v2/feature/ec2/imds v1.18.8 h1:gLD09eaJUdiszm7vd1btiQUYE0Hj+0I2b8AS+75z9AY=
github.com/aws/aws-sdk-go-v2/feature/ec2/imds v1.18.8/go.mod h1:4RW3oMPt1POR74qVOC4SbubxAwdP4pCT0nSw3jycOU4=
github.com/aws/aws-sdk-go-v2/internal/configsources v1.4.8 h1:6bgAZgRyT4RoFWhxS+aoGMFyE0cD1bSzFnEEi4bFPGI=
github.com/aws/aws-sdk-go-v2/internal/configsources v1.4.8/go.mod h1:KcGkXFVU8U28qS4KvLEcPxytPZPBcRawaH2Pf/0jptE=
github.com/aws/aws-sdk-go-v2/internal/endpoints/v2 v2.7.8 h1:HhJYoES3zOz34yWEpGENqJvRVPqpmJyR3+AFg9ybhdY=
github.com/aws/aws-sdk-go-v2/internal/endpoints/v2 v2.7.8/go.mod h1:JnA+hPWeYAVbDssp83tv+ysAG8lTfLVXvSsyKg/7xNA=
github.com/aws/aws-sdk-go-v2/internal/ini v1.8.3 h1:bIqFDwgGXXN1Kpp99pDOdKMTTb5d2KyU5X/BZxjOkRo=
github.com/aws/aws-sdk-go-v2/internal/ini v1.8.3/go.mod h1:H5O/EsxDWyU+LP/V8i5sm8cxoZgc2fdNR9bxlOFrQTo=
github.com/aws/aws-sdk-go-v2/service/internal/accept-encoding v1.13.1 h1:oegbebPEMA/1Jny7kvwejowCaHz1FWZAQ94WXFNCyTM=
github.com/aws/aws-sdk-go-v2/service/internal/accept-encoding v1.13.1/go.mod h1:kemo5Myr9ac0U9JfSjMo9yHLtw+pECEHsFtJ9tqCEI8=
github.com/aws/aws-sdk-go-v2/service/internal/presigned-url v1.13.8 h1:M6JI2aGFEzYxsF6CXIuRBnkge9Wf9a2xU39rNeXgu10=
github.com/aws/aws-sdk-go-v2/service/internal/presigned-url v1.13.8/go.mod h1:Fw+MyTwlwjFsSTE31mH211Np+CUslml8mzc0AFEG09s=
github.com/aws/aws-sdk-go-v2/service/route53 v1.58.3 h1:jQzRC+0eI/l5mFXVoPTyyolrqyZtKIYaKHSuKJoIJKs=
github.com/aws/aws-sdk-go-v2/service/route53 v1.58.3/go.mod h1:1GNaojT/gG4Ru9tT39ton6kRZ3FvptJ/QRKBoqUOVX4=
github.com/aws/aws-sdk-go-v2/service/sso v1.29.4 h1:FTdEN9dtWPB0EOURNtDPmwGp6GGvMqRJCAihkSl/1No=
github.com/aws/aws-sdk-go-v2/service/sso v1.29.4/go.mod h1:mYubxV9Ff42fZH4kexj43gFPhgc/LyC7KqvUKt1watc=
github.com/aws/aws-sdk-go-v2/service/ssooidc v1.35.0 h1:I7ghctfGXrscr7r1Ga/mDqSJKm7Fkpl5Mwq79Z+rZqU=
github.com/aws/aws-sdk-go-v2/service/ssooidc v1.35.0/go.mod h1:Zo9id81XP6jbayIFWNuDpA6lMBWhsVy+3ou2jLa4JnA=
github.com/aws/aws-sdk-go-v2/service/sts v1.38.5 h1:+LVB0xBqEgjQoqr9bGZbRzvg212B0f17JdflleJRNR4=
github.com/aws/aws-sdk-go-v2/service/sts v1.38.5/go.mod h1:xoaxeqnnUaZjPjaICgIy5B+MHCSb/ZSOn4MvkFNOUA0=
github.com/aws/smithy-go v1.23.0 h1:8n6I3gXzWJB2DxBDnfxgBaSX6oe0d/t10qGz7OKqMCE=
github.com/aws/smithy-go v1.23.0/go.mod h1:t1ufH5HMublsJYulve2RKmHDC15xu1f26kHCp/HgceI=
github.com/beorn7/perks v1.0.1 h1:VlbKKnNfV8bJzeqoa4cOKqO6bYr3WgKZxO8Z16+hsOM=
github.com/beorn7/perks v1.0.1/go.mod h1:G2ZrVWU2WbWT9wwq4/hrbKbnv/1ERSJQ0ibhJ6rlkpw=
github.com/caddy-dns/route53 v1.6.2 h1:yFna82ibRXsNIaHQdiSx6IlCExoHf2Y/hSwyv4vQLvs=
github.com/caddy-dns/route53 v1.6.2/go.mod h1:O+CWJ900StomFP9cfhm+IWTUF1+LPtfysAfSAave2LQ=
github.com/caddyserver/caddy/v2 v2.11.6 h1:sWxeamdlCZvcH4qeDz8bB0mdxgfYTeqV7HxOjXyIRas=
github.com/caddyserver/caddy/v2 v2.11.6/go.mod h1:n9f2OINNRIVbA6busygFHIj/nZ3YqC6Nc4DZFcfw0Wk=
github.com/caddyserver/certmagic v0.25.6 h1:vHMtFSLKTa6kuZz6w0SnRMpQ388tSkww8ye355BgAM4=
github.com/caddyserver/certmagic v0.25.6/go.mod h1:xq6cRNimqW+Tv91XNc5lNHs2XYTsLhQhYiH01H4AySs=
github.com/caddyserver/zerossl v0.1.6 h1:1yrhTx5DWi43wOJPQ+Y4mVl++EPmSqqT/4REW//lsas=
github.com/caddyserver/zerossl v0.1.6/go.mod h1:CxA0acn7oEGO6//4rtrRjYgEoa4MFw/XofZnrYwGqG4=
github.com/cespare/xxhash/v2 v2.3.0 h1:UL815xU9SqsFlibzuggzjXhog7bL6oX9BbNZnL2UFvs=
github.com/cespare/xxhash/v2 v2.3.0/go.mod h1:VGX0DQ3Q6kWi7AoAeZDth3/j3BFtOZR5XLFGgcrjCOs=
github.com/go-jose/go-jose/v4 v4.1.5 h1:RjgjO2LOtWOJKUC5wpwY9LR3B3vwVAz6JS2YHfYU6eA=
github.com/go-jose/go-jose/v4 v4.1.5/go.mod h1:x4oUasVrzR7071A4TnHLGSPpNOm2a21K9Kf04k1rs08=
github.com/google/go-cmp v0.7.0 h1:wk8382ETsv4JYUZwIsn6YpYiWiBsYLSJiTsyBybVuN8=
github.com/google/go-cmp v0.7.0/go.mod h1:pXiqmnSA92OHEEa9HXL2W4E7lf9JzCmGVUdgjX3N/iU=
github.com/google/uuid v1.6.0 h1:NIvaJDMOsjHA8n1jAhLSgzrAzy1Hgr+hNrb57e+94F0=
github.com/google/uuid v1.6.0/go.mod h1:TIyPZe4MgqvfeYDBFedMoGGpEw/LqOeaOT+nhxU+yHo=
github.com/klauspost/cpuid/v2 v2.4.0 h1:S6Hrbc7+ywsr0r+RLapfGBHfyefhCTwEh3A0tV913Dw=
github.com/klauspost/cpuid/v2 v2.4.0/go.mod h1:19jmZ9mjzoF//ddRSUsv0zfBTJWh3QJh9FNxZTMrGxU=
github.com/letsencrypt/challtestsrv v1.4.2 h1:0ON3ldMhZyWlfVNYYpFuWRTmZNnyfiL9Hh5YzC3JVwU=
github.com/letsencrypt/challtestsrv v1.4.2/go.mod h1:GhqMqcSoeGpYd5zX5TgwA6er/1MbWzx/o7yuuVya+Wk=
github.com/letsencrypt/pebble/v2 v2.10.1 h1:oKHx3lgN4e5Nno2LKTMrVx+b+NkDptkO9aDireiBDGE=
github.com/letsencrypt/pebble/v2 v2.10.1/go.mod h1:KtYhQ4YTjT5MtoCZ6RTCXlbrrz6cKyXROCuTpIUDJFY=
github.com/libdns/libdns v1.1.1 h1:wPrHrXILoSHKWJKGd0EiAVmiJbFShguILTg9leS/P/U=
github.com/libdns/libdns v1.1.1/go.mod h1:4Bj9+5CQiNMVGf87wjX4CY3HQJypUHRuLvlsfsZqLWQ=
github.com/libdns/route53 v1.6.2 h1:unPlpgC2InQ/xrql5NOwCmFS9vZrRx8lH1WUo8/rjk8=
github.com/libdns/route53 v1.6.2/go.mod h1:7QGcw/2J0VxcVwHsPYpuo1I6IJLHy77bbOvi1BVK3eE=
github.com/mholt/acmez/v3 v3.1.7 h1:XTqpuUcRdRoIBuDoI+M4mCnRnPTPN4rqH3Mb723Rg4U=
github.com/mholt/acmez/v3 v3.1.7/go.mod h1:Lwv6P/czh/AOq+c99tAzP68/VP92s+8y+hDs4FCgxvo=
github.com/miekg/dns v1.1.73 h1:uhT8nJxmTrPJYClxVxTCX+CVn6qnzSiybRk72Z6DgrE=
github.com/miekg/dns v1.1.73/go.mod h1:RW2Obtfd5NZHvOFe3zYG0W8koWOQtAzyHaLo8vASBuQ=
github.com/munnerz/goautoneg v0.0.0-20191010083416-a7dc8b61c822 h1:C3w9PqII01/Oq1c1nUAm88MOHcQC9l5mIlSMApZMrHA=
github.com/munnerz/goautoneg v0.0.0-20191010083416-a7dc8b61c822/go.mod h1:+n7T8mK8HuQTcFwEeznm/DIxMOiR9yIdICNftLE1DvQ=
github.com/prometheus/client_golang v1.24.1 h1:JnJkREXzWxUdCuPFpIWZiPispT9xVV59uiuyR2bPlnU=
github.com/prometheus/client_golang v1.24.1/go.mod h1:F+oSRECHg4sse5ucfYpYDeIv/hu68Zo0uoHKetWnzcE=
github.com/prometheus/client_model v0.6.3 h1:O0jaTVAYNxTHYInEPFJt5I3+sN8zqBtVMPTB1qyxiEo=
github.com/prometheus/client_model v0.6.3/go.mod h1:gpN5P9S7Rr6Yr92PiQ+Ixvhf6JZEkF1dnxsYL2aPBEM=
github.com/prometheus/common v0.71.0 h1:9KDAKb7Mj3HEVKyFCK6Dc/HIwlBzZIN2l7/lrHl3KK8=
github.com/prometheus/common v0.71.0/go.mod h1:CLJ5H8TEsGX8bl31BdMkfhIZ+QmZ9tBPPotUxUbfcmk=
github.com/prometheus/procfs v0.22.0 h1:6q9+/JL9IKAPbCmBrv9n5O5Ty3NKnciV5X7YGw0oics=
github.com/prometheus/procfs v0.22.0/go.mod h1:CvmFr/GVhIjIvWJZW3tgkODBQMRIf0EyWMQLHCHab58=
github.com/quic-go/go-ossfuzz-seeds v0.1.0 h1:APacT+iIaNF6fd8AGEiN3bT/Jtkd2jz4v4TzM7MFjy0=
github.com/quic-go/go-ossfuzz-seeds v0.1.0/go.mod h1:3IOHRbJIc+L6YKMwfDtJAM9Vj9k0YY4muhuyUYk5tbk=
github.com/quic-go/qpack v0.6.0 h1:g7W+BMYynC1LbYLSqRt8PBg5Tgwxn214ZZR34VIOjz8=
github.com/quic-go/qpack v0.6.0/go.mod h1:lUpLKChi8njB4ty2bFLX2x4gzDqXwUpaO1DP9qMDZII=
github.com/quic-go/quic-go v0.63.0 h1:LIFGHI4PFUhhw2dDD1ARHdCff143ffMHwZtbnbuJ78A=
github.com/quic-go/quic-go v0.63.0/go.mod h1:RAro2j2yN9a9EiPACLHT9IB2NXCvGQmmo/alT0yYI0w=
github.com/stretchr/testify v1.12.1 h1:EuwCh5fleGS7H32xRwO3wRGT7DxrDhLAT6FF8MpWDWE=
github.com/stretchr/testify v1.12.1/go.mod h1:MDEgiDPPsNp5cuIrHPPCyornHKgEVbtFUmoNlxoYthg=
github.com/zeebo/assert v1.1.0 h1:hU1L1vLTHsnO8x8c9KAR5GmM5QscxHg5RNU5z5qbUWY=
github.com/zeebo/assert v1.1.0/go.mod h1:Pq9JiuJQpG8JLJdtkwrJESF0Foym2/D9XMU5ciN/wJ0=
github.com/zeebo/blake3 v0.2.4 h1:KYQPkhpRtcqh0ssGYcKLG1JYvddkEA8QwCM/yBqhaZI=
github.com/zeebo/blake3 v0.2.4/go.mod h1:7eeQ6d2iXWRGF6npfaxl2CU+xy2Fjo2gxeyZGCRUjcE=
github.com/zeebo/pcg v1.0.1 h1:lyqfGeWiv4ahac6ttHs+I5hwtH/+1mrhlCtVNQM2kHo=
github.com/zeebo/pcg v1.0.1/go.mod h1:09F0S9iiKrwn9rlI5yjLkmrug154/YRW6KnnXVDM/l4=
go.uber.org/goleak v1.3.0 h1:2K3zAYmnTNqV73imy9J1T3WC+gmCePx2hEGkimedGto=
go.uber.org/goleak v1.3.0/go.mod h1:CoHD4mav9JJNrW/WLlf7HGZPjdw8EucARQHekz1X6bE=
go.uber.org/mock v0.5.2 h1:LbtPTcP8A5k9WPXj54PPPbjcI4Y6lhyOZXn+VS7wNko=
go.uber.org/mock v0.5.2/go.mod h1:wLlUxC2vVTPTaE3UD51E0BGOAElKrILxhVSDYQLld5o=
go.uber.org/multierr v1.11.0 h1:blXXJkSxSSfBVBlC76pxqeO+LN3aDfLQo+309xJstO0=
go.uber.org/multierr v1.11.0/go.mod h1:20+QtiLqy0Nd6FdQB9TLXag12DsQkrbs3htMFfDN80Y=
go.uber.org/zap v1.28.0 h1:IZzaP1Fv73/T/pBMLk4VutPl36uNC+OSUh3JLG3FIjo=
go.uber.org/zap v1.28.0/go.mod h1:rDLpOi171uODNm/mxFcuYWxDsqWSAVkFdX4XojSKg/Q=
go.uber.org/zap/exp v0.3.0 h1:6JYzdifzYkGmTdRR59oYH+Ng7k49H9qVpWwNSsGJj3U=
go.uber.org/zap/exp v0.3.0/go.mod h1:5I384qq7XGxYyByIhHm6jg5CHkGY0nsTfbDLgDDlgJQ=
go.yaml.in/yaml/v2 v2.4.4 h1:tuyd0P+2Ont/d6e2rl3be67goVK4R6deVxCUX5vyPaQ=
go.yaml.in/yaml/v2 v2.4.4/go.mod h1:gMZqIpDtDqOfM0uNfy0SkpRhvUryYH0Z6wdMYcacYXQ=
go.yaml.in/yaml/v3 v3.0.5 h1:N6y/pJk8buWs9NY5ERU2HSMfm+IuD/OtfdAnq6kESPw=
go.yaml.in/yaml/v3 v3.0.5/go.mod h1:HVTZu1O7/Vkt2N+BFy8Zza+lnLsABggaTM2ZpNIGuKg=
golang.org/x/crypto v0.57.0 h1:3ZVCjf8Ggz7zneR/EHRVx68Ctf+2pmIMP2UFhh9cC6M=
golang.org/x/crypto v0.57.0/go.mod h1:Fdz0i5U6CoizGwLda9DttjSk6qlZo25zYNtR+ycvuZA=
golang.org/x/net v0.59.0 h1:5zfYln+w5XCxwrnMMJPufRgNoXEaGxl0wo5GqPXyues=
golang.org/x/net v0.59.0/go.mod h1:2DA/G1UfVbCpQPeWTmMPGY7Cs2PkBkwu743bVX5PIVg=
golang.org/x/sync v0.23.0 h1:KameEIfc1IkluZyXWLn39Wd4tURc6GbCiISGiZm2bQk=
golang.org/x/sync v0.23.0/go.mod h1:sUUOizhqBxiL6pEWpqNLUiaJn1ShEbZ6BBqskPbjZm0=
golang.org/x/sys v0.48.0 h1:bbX/i/6MgT9BVLM9RT1thmxL04yeTAhbEz4SyadbXoo=
golang.org/x/sys v0.48.0/go.mod h1:hNLxWAXmnKAxqDtdwIYC4bM9oQPEecfsnNMuSxOs3og=
golang.org/x/term v0.46.0 h1:3+OXuTbaKDgwk8jTi3aSLHRlmWqHEUDUtxnbFigO4YE=
golang.org/x/term v0.46.0/go.mod h1:+K02xbkittuwc0Am4abfA3Fc+XRGXkvBXNO88NCXPoc=
golang.org/x/text v0.42.0 h1:JbOZXgfeCPU9gacVtYliJqOhD+zhrEqK4LfdpmlUZqI=
golang.org/x/text v0.42.0/go.mod h1:ojzP1Z+2QtioaF8DTtO8K5q7JWVVYwZKenzujK0Zd0E=
golang.org/x/time v0.16.0 h1:vMb6ptszcQMkcwiRTAuNNU50gom6++Q/6gY2hDM6VDE=
golang.org/x/time v0.16.0/go.mod h1:rVKOqvZeKvrDKTQiAHJ7wmwP0RzleSphoEA9RcdLA0s=
google.golang.org/protobuf v1.36.12 h1:pJOKDDOyeXErUroCihFAd5LQuwXBSpVnKGrj5o/fwxc=
google.golang.org/protobuf v1.36.12/go.mod h1:HTf+CrKn2C3g5S8VImy6tdcUvCska2kB7j23XfzDpco=
